// !$*UTF8*$!
{
	archiveVersion = 1;
	classes = {
	};
	objectVersion = 46;
	objects = {

/* Begin PBXBuildFile section */
		50BC67401968893900284AF3 /* AppDelegate.swift in Sources */ = {isa = PBXBuildFile; fileRef = 50BC673F1968893900284AF3 /* AppDelegate.swift */; };
		50BC67421968893900284AF3 /* ViewController.swift in Sources */ = {isa = PBXBuildFile; fileRef = 50BC67411968893900284AF3 /* ViewController.swift */; };
		50BC67451968893900284AF3 /* Main.storyboard in Resources */ = {isa = PBXBuildFile; fileRef = 50BC67431968893900284AF3 /* Main.storyboard */; };
		50BC67471968893900284AF3 /* Images.xcassets in Resources */ = {isa = PBXBuildFile; fileRef = 50BC67461968893900284AF3 /* Images.xcassets */; };
		50BC67531968893900284AF3 /* BMXFlatButtonTestTests.swift in Sources */ = {isa = PBXBuildFile; fileRef = 50BC67521968893900284AF3 /* BMXFlatButtonTestTests.swift */; };
		50BC6766196889BC00284AF3 /* BMXFlatButton.framework in Frameworks */ = {isa = PBXBuildFile; fileRef = 50BC6765196889BC00284AF3 /* BMXFlatButton.framework */; };
/* End PBXBuildFile section */

/* Begin PBXContainerItemProxy section */
		50BC674D1968893900284AF3 /* PBXContainerItemProxy */ = {
			isa = PBXContainerItemProxy;
			containerPortal = 50BC67321968893900284AF3 /* Project object */;
			proxyType = 1;
			remoteGlobalIDString = 50BC67391968893900284AF3;
			remoteInfo = BMXFlatButtonTest;
		};
/* End PBXContainerItemProxy section */

/* Begin PBXFileReference section */
		50BC673A1968893900284AF3 /* BMXFlatButtonTest.app */ = {isa = PBXFileReference; explicitFileType = wrapper.application; includeInIndex = 0; path = BMXFlatButtonTest.app; sourceTree = BUILT_PRODUCTS_DIR; };
		50BC673E1968893900284AF3 /* Info.plist */ = {isa = PBXFileReference; lastKnownFileType = text.plist.xml; path = Info.plist; sourceTree = "<group>"; };
		50BC673F1968893900284AF3 /* AppDelegate.swift */ = {isa = PBXFileReference; lastKnownFileType = sourcecode.swift; path = AppDelegate.swift; sourceTree = "<group>"; };
		50BC67411968893900284AF3 /* ViewController.swift */ = {isa = PBXFileReference; lastKnownFileType = sourcecode.swift; path = ViewController.swift; sourceTree = "<group>"; };
		50BC67441968893900284AF3 /* Base */ = {isa = PBXFileReference; lastKnownFileType = file.storyboard; name = Base; path = Base.lproj/Main.storyboard; sourceTree = "<group>"; };
		50BC67461968893900284AF3 /* Images.xcassets */ = {isa = PBXFileReference; lastKnownFileType = folder.assetcatalog; path = Images.xcassets; sourceTree = "<group>"; };
		50BC674C1968893900284AF3 /* BMXFlatButtonTestTests.xctest */ = {isa = PBXFileReference; explicitFileType = wrapper.cfbundle; includeInIndex = 0; path = BMXFlatButtonTestTests.xctest; sourceTree = BUILT_PRODUCTS_DIR; };
		50BC67511968893900284AF3 /* Info.plist */ = {isa = PBXFileReference; lastKnownFileType = text.plist.xml; path = Info.plist; sourceTree = "<group>"; };
		50BC67521968893900284AF3 /* BMXFlatButtonTestTests.swift */ = {isa = PBXFileReference; lastKnownFileType = sourcecode.swift; path = BMXFlatButtonTestTests.swift; sourceTree = "<group>"; };
		50BC6765196889BC00284AF3 /* BMXFlatButton.framework */ = {isa = PBXFileReference; lastKnownFileType = wrapper.framework; name = BMXFlatButton.framework; path = "../build/Debug-iphoneos/BMXFlatButton.framework"; sourceTree = "<group>"; };
/* End PBXFileReference section */

/* Begin PBXFrameworksBuildPhase section */
		50BC67371968893900284AF3 /* Frameworks */ = {
			isa = PBXFrameworksBuildPhase;
			buildActionMask = 2147483647;
			files = (
				50BC6766196889BC00284AF3 /* BMXFlatButton.framework in Frameworks */,
			);
			runOnlyForDeploymentPostprocessing = 0;
		};
		50BC67491968893900284AF3 /* Frameworks */ = {
			isa = PBXFrameworksBuildPhase;
			buildActionMask = 2147483647;
			files = (
			);
			runOnlyForDeploymentPostprocessing = 0;
		};
/* End PBXFrameworksBuildPhase section */

/* Begin PBXGroup section */
		50BC67311968893900284AF3 = {
			isa = PBXGroup;
			children = (
				50BC6765196889BC00284AF3 /* BMXFlatButton.framework */,
				50BC673C1968893900284AF3 /* BMXFlatButtonTest */,
				50BC674F1968893900284AF3 /* BMXFlatButtonTestTests */,
				50BC673B1968893900284AF3 /* Products */,
			);
			sourceTree = "<group>";
		};
		50BC673B1968893900284AF3 /* Products */ = {
			isa = PBXGroup;
			children = (
				50BC673A1968893900284AF3 /* BMXFlatButtonTest.app */,
				50BC674C1968893900284AF3 /* BMXFlatButtonTestTests.xctest */,
			);
			name = Products;
			sourceTree = "<group>";
		};
		50BC673C1968893900284AF3 /* BMXFlatButtonTest */ = {
			isa = PBXGroup;
			children = (
				50BC673F1968893900284AF3 /* AppDelegate.swift */,
				50BC67411968893900284AF3 /* ViewController.swift */,
				50BC67431968893900284AF3 /* Main.storyboard */,
				50BC67461968893900284AF3 /* Images.xcassets */,
				50BC673D1968893900284AF3 /* Supporting Files */,
			);
			path = BMXFlatButtonTest;
			sourceTree = "<group>";
		};
		50BC673D1968893900284AF3 /* Supporting Files */ = {
			isa = PBXGroup;
			children = (
				50BC673E1968893900284AF3 /* Info.plist */,
			);
			name = "Supporting Files";
			sourceTree = "<group>";
		};
		50BC674F1968893900284AF3 /* BMXFlatButtonTestTests */ = {
			isa = PBXGroup;
			children = (
				50BC67521968893900284AF3 /* BMXFlatButtonTestTests.swift */,
				50BC67501968893900284AF3 /* Supporting Files */,
			);
			path = BMXFlatButtonTestTests;
			sourceTree = "<group>";
		};
		50BC67501968893900284AF3 /* Supporting Files */ = {
			isa = PBXGroup;
			children = (
				50BC67511968893900284AF3 /* Info.plist */,
			);
			name = "Supporting Files";
			sourceTree = "<group>";
		};
/* End PBXGroup section */

/* Begin PBXNativeTarget section */
		50BC67391968893900284AF3 /* BMXFlatButtonTest */ = {
			isa = PBXNativeTarget;
			buildConfigurationList = 50BC67561968893900284AF3 /* Build configuration list for PBXNativeTarget "BMXFlatButtonTest" */;
			buildPhases = (
				50BC67361968893900284AF3 /* Sources */,
				50BC67371968893900284AF3 /* Frameworks */,
				50BC67381968893900284AF3 /* Resources */,
			);
			buildRules = (
			);
			dependencies = (
			);
			name = BMXFlatButtonTest;
			productName = BMXFlatButtonTest;
			productReference = 50BC673A1968893900284AF3 /* BMXFlatButtonTest.app */;
			productType = "com.apple.product-type.application";
		};
		50BC674B1968893900284AF3 /* BMXFlatButtonTestTests */ = {
			isa = PBXNativeTarget;
			buildConfigurationList = 50BC67591968893900284AF3 /* Build configuration list for PBXNativeTarget "BMXFlatButtonTestTests" */;
			buildPhases = (
				50BC67481968893900284AF3 /* Sources */,
				50BC67491968893900284AF3 /* Frameworks */,
				50BC674A1968893900284AF3 /* Resources */,
			);
			buildRules = (
			);
			dependencies = (
				50BC674E1968893900284AF3 /* PBXTargetDependency */,
			);
			name = BMXFlatButtonTestTests;
			productName = BMXFlatButtonTestTests;
			productReference = 50BC674C1968893900284AF3 /* BMXFlatButtonTestTests.xctest */;
			productType = "com.apple.product-type.bundle.unit-test";
		};
/* End PBXNativeTarget section */

/* Begin PBXProject section */
		50BC67321968893900284AF3 /* Project object */ = {
			isa = PBXProject;
			attributes = {
				LastUpgradeCheck = 0600;
				ORGANIZATIONNAME = "Massimiliano Bigatti";
				TargetAttributes = {
					50BC67391968893900284AF3 = {
						CreatedOnToolsVersion = 6.0;
					};
					50BC674B1968893900284AF3 = {
						CreatedOnToolsVersion = 6.0;
						TestTargetID = 50BC67391968893900284AF3;
					};
				};
			};
			buildConfigurationList = 50BC67351968893900284AF3 /* Build configuration list for PBXProject "BMXFlatButtonTest" */;
			compatibilityVersion = "Xcode 3.2";
			developmentRegion = English;
			hasScannedForEncodings = 0;
			knownRegions = (
				en,
				Base,
			);
			mainGroup = 50BC67311968893900284AF3;
			productRefGroup = 50BC673B1968893900284AF3 /* Products */;
			projectDirPath = "";
			projectRoot = "";
			targets = (
				50BC67391968893900284AF3 /* BMXFlatButtonTest */,
				50BC674B1968893900284AF3 /* BMXFlatButtonTestTests */,
			);
		};
/* End PBXProject section */

/* Begin PBXResourcesBuildPhase section */
		50BC67381968893900284AF3 /* Resources */ = {
			isa = PBXResourcesBuildPhase;
			buildActionMask = 2147483647;
			files = (
				50BC67451968893900284AF3 /* Main.storyboard in Resources */,
				50BC67471968893900284AF3 /* Images.xcassets in Resources */,
			);
			runOnlyForDeploymentPostprocessing = 0;
		};
		50BC674A1968893900284AF3 /* Resources */ = {
			isa = PBXResourcesBuildPhase;
			buildActionMask = 2147483647;
			files = (
			);
			runOnlyForDeploymentPostprocessing = 0;
		};
/* End PBXResourcesBuildPhase section */

/* Begin PBXSourcesBuildPhase section */
		50BC67361968893900284AF3 /* Sources */ = {
			isa = PBXSourcesBuildPhase;
			buildActionMask = 2147483647;
			files = (
				50BC67421968893900284AF3 /* ViewController.swift in Sources */,
				50BC67401968893900284AF3 /* AppDelegate.swift in Sources */,
			);
			runOnlyForDeploymentPostprocessing = 0;
		};
		50BC67481968893900284AF3 /* Sources */ = {
			isa = PBXSourcesBuildPhase;
			buildActionMask = 2147483647;
			files = (
				50BC67531968893900284AF3 /* BMXFlatButtonTestTests.swift in Sources */,
			);
			runOnlyForDeploymentPostprocessing = 0;
		};
/* End PBXSourcesBuildPhase section */

/* Begin PBXTargetDependency section */
		50BC674E1968893900284AF3 /* PBXTargetDependency */ = {
			isa = PBXTargetDependency;
			target = 50BC67391968893900284AF3 /* BMXFlatButtonTest */;
			targetProxy = 50BC674D1968893900284AF3 /* PBXContainerItemProxy */;
		};
/* End PBXTargetDependency section */

/* Begin PBXVariantGroup section */
		50BC67431968893900284AF3 /* Main.storyboard */ = {
			isa = PBXVariantGroup;
			children = (
				50BC67441968893900284AF3 /* Base */,
			);
			name = Main.storyboard;
			sourceTree = "<group>";
		};
/* End PBXVariantGroup section */

/* Begin XCBuildConfiguration section */
		50BC67541968893900284AF3 /* Debug */ = {
			isa = XCBuildConfiguration;
			buildSettings = {
				ALWAYS_SEARCH_USER_PATHS = NO;
				CLANG_CXX_LANGUAGE_STANDARD = "gnu++0x";
				CLANG_CXX_LIBRARY = "libc++";
				CLANG_ENABLE_MODULES = YES;
				CLANG_ENABLE_OBJC_ARC = YES;
				CLANG_WARN_BOOL_CONVERSION = YES;
				CLANG_WARN_CONSTANT_CONVERSION = YES;
				CLANG_WARN_DIRECT_OBJC_ISA_USAGE = YES_ERROR;
				CLANG_WARN_EMPTY_BODY = YES;
				CLANG_WARN_ENUM_CONVERSION = YES;
				CLANG_WARN_INT_CONVERSION = YES;
				CLANG_WARN_OBJC_ROOT_CLASS = YES_ERROR;
				CLANG_WARN_UNREACHABLE_CODE = YES;
				CLANG_WARN__DUPLICATE_METHOD_MATCH = YES;
				"CODE_SIGN_IDENTITY[sdk=iphoneos*]" = "iPhone Developer";
				COPY_PHASE_STRIP = NO;
				ENABLE_STRICT_OBJC_MSGSEND = YES;
				GCC_C_LANGUAGE_STANDARD = gnu99;
				GCC_DYNAMIC_NO_PIC = NO;
				GCC_OPTIMIZATION_LEVEL = 0;
				GCC_PREPROCESSOR_DEFINITIONS = (
					"DEBUG=1",
					"$(inherited)",
				);
				GCC_SYMBOLS_PRIVATE_EXTERN = NO;
				GCC_WARN_64_TO_32_BIT_CONVERSION = YES;
				GCC_WARN_ABOUT_RETURN_TYPE = YES_ERROR;
				GCC_WARN_UNDECLARED_SELECTOR = YES;
				GCC_WARN_UNINITIALIZED_AUTOS = YES_AGGRESSIVE;
				GCC_WARN_UNUSED_FUNCTION = YES;
				GCC_WARN_UNUSED_VARIABLE = YES;
				IPHONEOS_DEPLOYMENT_TARGET = 8.0;
				METAL_ENABLE_DEBUG_INFO = YES;
				ONLY_ACTIVE_ARCH = YES;
				SDKROOT = iphoneos;
				SWIFT_OPTIMIZATION_LEVEL = "-Onone";
			};
			name = Debug;
		};
		50BC67551968893900284AF3 /* Release */ = {
			isa = XCBuildConfiguration;
			buildSettings = {
				ALWAYS_SEARCH_USER_PATHS = NO;
				CLANG_CXX_LANGUAGE_STANDARD = "gnu++0x";
				CLANG_CXX_LIBRARY = "libc++";
				CLANG_ENABLE_MODULES = YES;
				CLANG_ENABLE_OBJC_ARC = YES;
				CLANG_WARN_BOOL_CONVERSION = YES;
				CLANG_WARN_CONSTANT_CONVERSION = YES;
				CLANG_WARN_DIRECT_OBJC_ISA_USAGE = YES_ERROR;
				CLANG_WARN_EMPTY_BODY = YES;
				CLANG_WARN_ENUM_CONVERSION = YES;
				CLANG_WARN_INT_CONVERSION = YES;
				CLANG_WARN_OBJC_ROOT_CLASS = YES_ERROR;
				CLANG_WARN_UNREACHABLE_CODE = YES;
				CLANG_WARN__DUPLICATE_METHOD_MATCH = YES;
				"CODE_SIGN_IDENTITY[sdk=iphoneos*]" = "iPhone Developer";
				COPY_PHASE_STRIP = YES;
				ENABLE_NS_ASSERTIONS = NO;
				ENABLE_STRICT_OBJC_MSGSEND = YES;
				GCC_C_LANGUAGE_STANDARD = gnu99;
				GCC_WARN_64_TO_32_BIT_CONVERSION = YES;
				GCC_WARN_ABOUT_RETURN_TYPE = YES_ERROR;
				GCC_WARN_UNDECLARED_SELECTOR = YES;
				GCC_WARN_UNINITIALIZED_AUTOS = YES_AGGRESSIVE;
				GCC_WARN_UNUSED_FUNCTION = YES;
				GCC_WARN_UNUSED_VARIABLE = YES;
				IPHONEOS_DEPLOYMENT_TARGET = 8.0;
				METAL_ENABLE_DEBUG_INFO = NO;
				SDKROOT = iphoneos;
				VALIDATE_PRODUCT = YES;
			};
			name = Release;
		};
		50BC67571968893900284AF3 /* Debug */ = {
			isa = XCBuildConfiguration;
			buildSettings = {
				ASSETCATALOG_COMPILER_APPICON_NAME = AppIcon;
				ASSETCATALOG_COMPILER_LAUNCHIMAGE_NAME = LaunchImage;
				FRAMEWORK_SEARCH_PATHS = (
					"$(inherited)",
					"/Users/max/Progetti/BMXFlatButton/build/Debug-iphoneos",
				);
				INFOPLIST_FILE = BMXFlatButtonTest/Info.plist;
				LD_RUNPATH_SEARCH_PATHS = "$(inherited) @executable_path/Frameworks";
				PRODUCT_NAME = "$(TARGET_NAME)";
			};
			name = Debug;
		};
		50BC67581968893900284AF3 /* Release */ = {
			isa = XCBuildConfiguration;
			buildSettings = {
				ASSETCATALOG_COMPILER_APPICON_NAME = AppIcon;
				ASSETCATALOG_COMPILER_LAUNCHIMAGE_NAME = LaunchImage;
				FRAMEWORK_SEARCH_PATHS = (
					"$(inherited)",
					"/Users/max/Progetti/BMXFlatButton/build/Debug-iphoneos",
				);
				INFOPLIST_FILE = BMXFlatButtonTest/Info.plist;
				LD_RUNPATH_SEARCH_PATHS = "$(inherited) @executable_path/Frameworks";
				PRODUCT_NAME = "$(TARGET_NAME)";
			};
			name = Release;
		};
		50BC675A1968893900284AF3 /* Debug */ = {
			isa = XCBuildConfiguration;
			buildSettings = {
				BUNDLE_LOADER = "$(BUILT_PRODUCTS_DIR)/BMXFlatButtonTest.app/BMXFlatButtonTest";
				FRAMEWORK_SEARCH_PATHS = (
					"$(SDKROOT)/Developer/Library/Frameworks",
					"$(inherited)",
				);
				GCC_PREPROCESSOR_DEFINITIONS = (
					"DEBUG=1",
					"$(inherited)",
				);
				INFOPLIST_FILE = BMXFlatButtonTestTests/Info.plist;
				LD_RUNPATH_SEARCH_PATHS = "$(inherited) @executable_path/Frameworks @loader_path/Frameworks";
				METAL_ENABLE_DEBUG_INFO = YES;
				PRODUCT_NAME = "$(TARGET_NAME)";
				TEST_HOST = "$(BUNDLE_LOADER)";
			};
			name = Debug;
		};
		50BC675B1968893900284AF3 /* Release */ = {
			isa = XCBuildConfiguration;
			buildSettings = {
				BUNDLE_LOADER = "$(BUILT_PRODUCTS_DIR)/BMXFlatButtonTest.app/BMXFlatButtonTest";
				FRAMEWORK_SEARCH_PATHS = (
					"$(SDKROOT)/Developer/Library/Frameworks",
					"$(inherited)",
				);
				INFOPLIST_FILE = BMXFlatButtonTestTests/Info.plist;
				LD_RUNPATH_SEARCH_PATHS = "$(inherited) @executable_path/Frameworks @loader_path/Frameworks";
				METAL_ENABLE_DEBUG_INFO = NO;
				PRODUCT_NAME = "$(TARGET_NAME)";
				TEST_HOST = "$(BUNDLE_LOADER)";
			};
			name = Release;
		};
/* End XCBuildConfiguration section */

/* Begin XCConfigurationList section */
		50BC67351968893900284AF3 /* Build configuration list for PBXProject "BMXFlatButtonTest" */ = {
			isa = XCConfigurationList;
			buildConfigurations = (
				50BC67541968893900284AF3 /* Debug */,
				50BC67551968893900284AF3 /* Release */,
			);
			defaultConfigurationIsVisible = 0;
			defaultConfigurationName = Release;
		};
		50BC67561968893900284AF3 /* Build configuration list for PBXNativeTarget "BMXFlatButtonTest" */ = {
			isa = XCConfigurationList;
			buildConfigurations = (
				50BC67571968893900284AF3 /* Debug */,
				50BC67581968893900284AF3 /* Release */,
			);
			defaultConfigurationIsVisible = 0;
		};
		50BC67591968893900284AF3 /* Build configuration list for PBXNativeTarget "BMXFlatButtonTestTests" */ = {
			isa = XCConfigurationList;
			buildConfigurations = (
				50BC675A1968893900284AF3 /* Debug */,
				50BC675B1968893900284AF3 /* Release */,
			);
			defaultConfigurationIsVisible = 0;
		};
/* End XCConfigurationList section */
	};
	rootObject = 50BC67321968893900284AF3 /* Project object */;
}
